
Microsoft Visual Studio Solution File, Format Version 9.00
# Visual C++ Express 2005
Project("{8BC9CEB8-8B4A-11D0-8D11-00A0C91BC942}") = "eutils", "eutils.vcproj", "{4A97186A-CEEA-48AC-9D61-1AB266404EC9}"
EndProject
Project("{8BC9CEB8-8B4A-11D0-8D11-00A0C91BC942}") = "eparser", "examples\eparser\eparser.vcproj", "{9B9EB14A-25B4-45F6-950E-A3971CF3977A}"
EndProject
Global
	GlobalSection(SolutionConfigurationPlatforms) = preSolution
		Debug|Win32 = Debug|Win32
		Release|Win32 = Release|Win32
	EndGlobalSection
	GlobalSection(ProjectConfigurationPlatforms) = postSolution
		{4A97186A-CEEA-48AC-9D61-1AB266404EC9}.Debug|Win32.ActiveCfg = Debug|Win32
		{4A97186A-CEEA-48AC-9D61-1AB266404EC9}.Debug|Win32.Build.0 = Debug|Win32
		{4A97186A-CEEA-48AC-9D61-1AB266404EC9}.Release|Win32.ActiveCfg = Release|Win32
		{4A97186A-CEEA-48AC-9D61-1AB266404EC9}.Release|Win32.Build.0 = Release|Win32
		{9B9EB14A-25B4-45F6-950E-A3971CF3977A}.Debug|Win32.ActiveCfg = Debug|Win32
		{9B9EB14A-25B4-45F6-950E-A3971CF3977A}.Debug|Win32.Build.0 = Debug|Win32
		{9B9EB14A-25B4-45F6-950E-A3971CF3977A}.Release|Win32.ActiveCfg = Release|Win32
		{9B9EB14A-25B4-45F6-950E-A3971CF3977A}.Release|Win32.Build.0 = Release|Win32
	EndGlobalSection
	GlobalSection(SolutionProperties) = preSolution
		HideSolutionNode = FALSE
	EndGlobalSection
EndGlobal
